
Microsoft Visual Studio Solution File, Format Version 12.00
# Visual Studio 14
VisualStudioVersion = 14.0.25420.1
MinimumVisualStudioVersion = 10.0.40219.1
Project("{FAE04EC0-301F-11D3-BF4B-00C04F79EFBC}") = "juego", "juego\juego.csproj", "{70B5D02C-6637-42A9-870B-78673D5FEF76}"
EndProject
Project("{FAE04EC0-301F-11D3-BF4B-00C04F79EFBC}") = "WindowsFormsApplication1", "WindowsFormsApplication1\WindowsFormsApplication1.csproj", "{D672841D-705F-4AA1-A820-4D0B04DF9B69}"
EndProject
Global
	GlobalSection(SolutionConfigurationPlatforms) = preSolution
		Debug|Any CPU = Debug|Any CPU
		Release|Any CPU = Release|Any CPU
	EndGlobalSection
	GlobalSection(ProjectConfigurationPlatforms) = postSolution
		{70B5D02C-6637-42A9-870B-78673D5FEF76}.Debug|Any CPU.ActiveCfg = Debug|Any CPU
		{70B5D02C-6637-42A9-870B-78673D5FEF76}.Debug|Any CPU.Build.0 = Debug|Any CPU
		{70B5D02C-6637-42A9-870B-78673D5FEF76}.Release|Any CPU.ActiveCfg = Release|Any CPU
		{70B5D02C-6637-42A9-870B-78673D5FEF76}.Release|Any CPU.Build.0 = Release|Any CPU
		{D672841D-705F-4AA1-A820-4D0B04DF9B69}.Debug|Any CPU.ActiveCfg = Debug|Any CPU
		{D672841D-705F-4AA1-A820-4D0B04DF9B69}.Debug|Any CPU.Build.0 = Debug|Any CPU
		{D672841D-705F-4AA1-A820-4D0B04DF9B69}.Release|Any CPU.ActiveCfg = Release|Any CPU
		{D672841D-705F-4AA1-A820-4D0B04DF9B69}.Release|Any CPU.Build.0 = Release|Any CPU
	EndGlobalSection
	GlobalSection(SolutionProperties) = preSolution
		HideSolutionNode = FALSE
	EndGlobalSection
EndGlobal
